
Microsoft Visual Studio Solution File, Format Version 12.00
# Visual Studio 2013
VisualStudioVersion = 12.0.31101.0
MinimumVisualStudioVersion = 10.0.40219.1
Project("{8BC9CEB8-8B4A-11D0-8D11-00A0C91BC942}") = "CoreTestsWin32", "CoreTestsWin32.vcxproj", "{E16A3E29-BF1A-4C54-A546-0135A2A37414}"
	ProjectSection(ProjectDependencies) = postProject
		{A15DC58C-F073-4824-B213-9BDD17F87CF5} = {A15DC58C-F073-4824-B213-9BDD17F87CF5}
	EndProjectSection
EndProject
Project("{8BC9CEB8-8B4A-11D0-8D11-00A0C91BC942}") = "CxVectorTests", "..\CxVectorTests\CxVectorTests.vcxproj", "{A15DC58C-F073-4824-B213-9BDD17F87CF5}"
EndProject
Project("{8BC9CEB8-8B4A-11D0-8D11-00A0C91BC942}") = "CxPODVectorTests", "..\CxPODVectorTests\CxPODVectorTests.vcxproj", "{E3E19955-C014-4BE2-AA37-30018ACC7F57}"
EndProject
Project("{8BC9CEB8-8B4A-11D0-8D11-00A0C91BC942}") = "CxMemTests", "..\CxMemTests\CxMemTests.vcxproj", "{1F2CB0A7-1764-4387-A386-0262FF388AA4}"
EndProject
Project("{8BC9CEB8-8B4A-11D0-8D11-00A0C91BC942}") = "CxStrTests", "CxStrTests\CxStrTests.vcxproj", "{9BD79EAA-C57A-40EE-8FE3-25B113046C14}"
EndProject
Project("{8BC9CEB8-8B4A-11D0-8D11-00A0C91BC942}") = "CxStrIDTests", "..\CxStrIDTests\CxStrIDTests.vcxproj", "{AC80CA48-9F40-4205-9A84-A7B6555865D4}"
EndProject
Global
	GlobalSection(SolutionConfigurationPlatforms) = preSolution
		clean|Win32 = clean|Win32
		Debug|Win32 = Debug|Win32
		Release|Win32 = Release|Win32
	EndGlobalSection
	GlobalSection(ProjectConfigurationPlatforms) = postSolution
		{E16A3E29-BF1A-4C54-A546-0135A2A37414}.clean|Win32.ActiveCfg = CxVectorTests|Win32
		{E16A3E29-BF1A-4C54-A546-0135A2A37414}.clean|Win32.Build.0 = CxVectorTests|Win32
		{E16A3E29-BF1A-4C54-A546-0135A2A37414}.Debug|Win32.ActiveCfg = Debug|Win32
		{E16A3E29-BF1A-4C54-A546-0135A2A37414}.Debug|Win32.Build.0 = Debug|Win32
		{E16A3E29-BF1A-4C54-A546-0135A2A37414}.Release|Win32.ActiveCfg = Release|Win32
		{E16A3E29-BF1A-4C54-A546-0135A2A37414}.Release|Win32.Build.0 = Release|Win32
		{A15DC58C-F073-4824-B213-9BDD17F87CF5}.clean|Win32.ActiveCfg = clean|Win32
		{A15DC58C-F073-4824-B213-9BDD17F87CF5}.clean|Win32.Build.0 = clean|Win32
		{A15DC58C-F073-4824-B213-9BDD17F87CF5}.Debug|Win32.ActiveCfg = Debug|Win32
		{A15DC58C-F073-4824-B213-9BDD17F87CF5}.Debug|Win32.Build.0 = Debug|Win32
		{A15DC58C-F073-4824-B213-9BDD17F87CF5}.Release|Win32.ActiveCfg = Release|Win32
		{A15DC58C-F073-4824-B213-9BDD17F87CF5}.Release|Win32.Build.0 = Release|Win32
		{E3E19955-C014-4BE2-AA37-30018ACC7F57}.clean|Win32.ActiveCfg = Release|Win32
		{E3E19955-C014-4BE2-AA37-30018ACC7F57}.clean|Win32.Build.0 = Release|Win32
		{E3E19955-C014-4BE2-AA37-30018ACC7F57}.Debug|Win32.ActiveCfg = Debug|Win32
		{E3E19955-C014-4BE2-AA37-30018ACC7F57}.Debug|Win32.Build.0 = Debug|Win32
		{E3E19955-C014-4BE2-AA37-30018ACC7F57}.Release|Win32.ActiveCfg = Release|Win32
		{E3E19955-C014-4BE2-AA37-30018ACC7F57}.Release|Win32.Build.0 = Release|Win32
		{1F2CB0A7-1764-4387-A386-0262FF388AA4}.clean|Win32.ActiveCfg = Release|Win32
		{1F2CB0A7-1764-4387-A386-0262FF388AA4}.clean|Win32.Build.0 = Release|Win32
		{1F2CB0A7-1764-4387-A386-0262FF388AA4}.Debug|Win32.ActiveCfg = Debug|Win32
		{1F2CB0A7-1764-4387-A386-0262FF388AA4}.Debug|Win32.Build.0 = Debug|Win32
		{1F2CB0A7-1764-4387-A386-0262FF388AA4}.Release|Win32.ActiveCfg = Release|Win32
		{1F2CB0A7-1764-4387-A386-0262FF388AA4}.Release|Win32.Build.0 = Release|Win32
		{9BD79EAA-C57A-40EE-8FE3-25B113046C14}.clean|Win32.ActiveCfg = Release|Win32
		{9BD79EAA-C57A-40EE-8FE3-25B113046C14}.clean|Win32.Build.0 = Release|Win32
		{9BD79EAA-C57A-40EE-8FE3-25B113046C14}.Debug|Win32.ActiveCfg = Debug|Win32
		{9BD79EAA-C57A-40EE-8FE3-25B113046C14}.Debug|Win32.Build.0 = Debug|Win32
		{9BD79EAA-C57A-40EE-8FE3-25B113046C14}.Release|Win32.ActiveCfg = Release|Win32
		{9BD79EAA-C57A-40EE-8FE3-25B113046C14}.Release|Win32.Build.0 = Release|Win32
		{AC80CA48-9F40-4205-9A84-A7B6555865D4}.clean|Win32.ActiveCfg = Release|Win32
		{AC80CA48-9F40-4205-9A84-A7B6555865D4}.clean|Win32.Build.0 = Release|Win32
		{AC80CA48-9F40-4205-9A84-A7B6555865D4}.Debug|Win32.ActiveCfg = Debug|Win32
		{AC80CA48-9F40-4205-9A84-A7B6555865D4}.Debug|Win32.Build.0 = Debug|Win32
		{AC80CA48-9F40-4205-9A84-A7B6555865D4}.Release|Win32.ActiveCfg = Release|Win32
		{AC80CA48-9F40-4205-9A84-A7B6555865D4}.Release|Win32.Build.0 = Release|Win32
	EndGlobalSection
	GlobalSection(SolutionProperties) = preSolution
		HideSolutionNode = FALSE
	EndGlobalSection
EndGlobal
