
Microsoft Visual Studio Solution File, Format Version 12.00
# Visual Studio 2013
VisualStudioVersion = 12.0.31101.0
MinimumVisualStudioVersion = 10.0.40219.1
Project("{8BC9CEB8-8B4A-11D0-8D11-00A0C91BC942}") = "CoreEventTestsWin32", "CoreEventTestsWin32\CoreEventTestsWin32.vcxproj", "{A8B87785-160D-4D2E-86CA-48747F7C40AC}"
EndProject
Project("{8BC9CEB8-8B4A-11D0-8D11-00A0C91BC942}") = "CxSlotTests", "..\CxSlotTests\CxSlotTests.vcxproj", "{C77AF667-9B8A-4D1B-81FD-DEC740D715A6}"
EndProject
Project("{8BC9CEB8-8B4A-11D0-8D11-00A0C91BC942}") = "CxSignalTests", "..\CxSignalTests\CxSignalTests.vcxproj", "{D1803809-1E6C-4727-8856-99E26B351B1A}"
EndProject
Global
	GlobalSection(SolutionConfigurationPlatforms) = preSolution
		Debug|Win32 = Debug|Win32
		Release|Win32 = Release|Win32
	EndGlobalSection
	GlobalSection(ProjectConfigurationPlatforms) = postSolution
		{A8B87785-160D-4D2E-86CA-48747F7C40AC}.Debug|Win32.ActiveCfg = Debug|Win32
		{A8B87785-160D-4D2E-86CA-48747F7C40AC}.Debug|Win32.Build.0 = Debug|Win32
		{A8B87785-160D-4D2E-86CA-48747F7C40AC}.Release|Win32.ActiveCfg = Release|Win32
		{A8B87785-160D-4D2E-86CA-48747F7C40AC}.Release|Win32.Build.0 = Release|Win32
		{C77AF667-9B8A-4D1B-81FD-DEC740D715A6}.Debug|Win32.ActiveCfg = Debug|Win32
		{C77AF667-9B8A-4D1B-81FD-DEC740D715A6}.Debug|Win32.Build.0 = Debug|Win32
		{C77AF667-9B8A-4D1B-81FD-DEC740D715A6}.Release|Win32.ActiveCfg = Release|Win32
		{C77AF667-9B8A-4D1B-81FD-DEC740D715A6}.Release|Win32.Build.0 = Release|Win32
		{D1803809-1E6C-4727-8856-99E26B351B1A}.Debug|Win32.ActiveCfg = Debug|Win32
		{D1803809-1E6C-4727-8856-99E26B351B1A}.Debug|Win32.Build.0 = Debug|Win32
		{D1803809-1E6C-4727-8856-99E26B351B1A}.Release|Win32.ActiveCfg = Release|Win32
		{D1803809-1E6C-4727-8856-99E26B351B1A}.Release|Win32.Build.0 = Release|Win32
	EndGlobalSection
	GlobalSection(SolutionProperties) = preSolution
		HideSolutionNode = FALSE
	EndGlobalSection
EndGlobal
